
Microsoft Visual Studio Solution File, Format Version 12.00
# Visual Studio 15
VisualStudioVersion = 15.0.27004.2002
MinimumVisualStudioVersion = 10.0.40219.1
Project("{FAE04EC0-301F-11D3-BF4B-00C04F79EFBC}") = "ITWeek", "ITWeek\ITWeek.csproj", "{DBA2F4E0-7E72-44BD-A947-DACF7542D84D}"
EndProject
Global
	GlobalSection(SolutionConfigurationPlatforms) = preSolution
		Debug|Any CPU = Debug|Any CPU
		Release|Any CPU = Release|Any CPU
	EndGlobalSection
	GlobalSection(ProjectConfigurationPlatforms) = postSolution
		{DBA2F4E0-7E72-44BD-A947-DACF7542D84D}.Debug|Any CPU.ActiveCfg = Debug|Any CPU
		{DBA2F4E0-7E72-44BD-A947-DACF7542D84D}.Debug|Any CPU.Build.0 = Debug|Any CPU
		{DBA2F4E0-7E72-44BD-A947-DACF7542D84D}.Release|Any CPU.ActiveCfg = Release|Any CPU
		{DBA2F4E0-7E72-44BD-A947-DACF7542D84D}.Release|Any CPU.Build.0 = Release|Any CPU
	EndGlobalSection
	GlobalSection(SolutionProperties) = preSolution
		HideSolutionNode = FALSE
	EndGlobalSection
	GlobalSection(ExtensibilityGlobals) = postSolution
		SolutionGuid = {468FFD54-7B4F-488A-880F-E9447E4E0646}
	EndGlobalSection
EndGlobal
